
Microsoft Visual Studio Solution File, Format Version 12.00
# Visual Studio Express 2013 for Windows Desktop
VisualStudioVersion = 12.0.31101.0
MinimumVisualStudioVersion = 10.0.40219.1
Project("{FAE04EC0-301F-11D3-BF4B-00C04F79EFBC}") = "Service1", "Service1\Service1.csproj", "{867C428D-E2E6-46B8-9E99-F6BC36B29A3C}"
EndProject
Global
	GlobalSection(SolutionConfigurationPlatforms) = preSolution
		Debug|Any CPU = Debug|Any CPU
		Release|Any CPU = Release|Any CPU
	EndGlobalSection
	GlobalSection(ProjectConfigurationPlatforms) = postSolution
		{867C428D-E2E6-46B8-9E99-F6BC36B29A3C}.Debug|Any CPU.ActiveCfg = Debug|Any CPU
		{867C428D-E2E6-46B8-9E99-F6BC36B29A3C}.Debug|Any CPU.Build.0 = Debug|Any CPU
		{867C428D-E2E6-46B8-9E99-F6BC36B29A3C}.Release|Any CPU.ActiveCfg = Release|Any CPU
		{867C428D-E2E6-46B8-9E99-F6BC36B29A3C}.Release|Any CPU.Build.0 = Release|Any CPU
	EndGlobalSection
	GlobalSection(SolutionProperties) = preSolution
		HideSolutionNode = FALSE
	EndGlobalSection
EndGlobal
